
Microsoft Visual Studio Solution File, Format Version 12.00
# Visual Studio Version 17
VisualStudioVersion = 17.8.34408.163
MinimumVisualStudioVersion = 10.0.40219.1
Project("{FAE04EC0-301F-11D3-BF4B-00C04F79EFBC}") = "Server", "Server\Server.csproj", "{3773740B-C568-4411-A83C-24B2DD2F6ACF}"
EndProject
Project("{FAE04EC0-301F-11D3-BF4B-00C04F79EFBC}") = "Client", "Client\Client.csproj", "{2B25F4D6-491F-4DBE-85CC-86570545E90E}"
EndProject
Project("{FAE04EC0-301F-11D3-BF4B-00C04F79EFBC}") = "BaseLibrary", "BaseLibrary\BaseLibrary.csproj", "{7F4F5804-75C2-48CA-AAE6-9CD7F28301D2}"
EndProject
Project("{FAE04EC0-301F-11D3-BF4B-00C04F79EFBC}") = "ClientLibrary", "ClientLibrary\ClientLibrary.csproj", "{FC9D4F79-7C9D-41AC-BE8A-6FA4627D7FA6}"
EndProject
Project("{FAE04EC0-301F-11D3-BF4B-00C04F79EFBC}") = "ServerLibrary", "ServerLibrary\ServerLibrary.csproj", "{BBA529F2-9267-45D6-B8BA-85F4921BAFEC}"
EndProject
Global
	GlobalSection(SolutionConfigurationPlatforms) = preSolution
		Debug|Any CPU = Debug|Any CPU
		Release|Any CPU = Release|Any CPU
	EndGlobalSection
	GlobalSection(ProjectConfigurationPlatforms) = postSolution
		{3773740B-C568-4411-A83C-24B2DD2F6ACF}.Debug|Any CPU.ActiveCfg = Debug|Any CPU
		{3773740B-C568-4411-A83C-24B2DD2F6ACF}.Debug|Any CPU.Build.0 = Debug|Any CPU
		{3773740B-C568-4411-A83C-24B2DD2F6ACF}.Release|Any CPU.ActiveCfg = Release|Any CPU
		{3773740B-C568-4411-A83C-24B2DD2F6ACF}.Release|Any CPU.Build.0 = Release|Any CPU
		{2B25F4D6-491F-4DBE-85CC-86570545E90E}.Debug|Any CPU.ActiveCfg = Debug|Any CPU
		{2B25F4D6-491F-4DBE-85CC-86570545E90E}.Debug|Any CPU.Build.0 = Debug|Any CPU
		{2B25F4D6-491F-4DBE-85CC-86570545E90E}.Release|Any CPU.ActiveCfg = Release|Any CPU
		{2B25F4D6-491F-4DBE-85CC-86570545E90E}.Release|Any CPU.Build.0 = Release|Any CPU
		{7F4F5804-75C2-48CA-AAE6-9CD7F28301D2}.Debug|Any CPU.ActiveCfg = Debug|Any CPU
		{7F4F5804-75C2-48CA-AAE6-9CD7F28301D2}.Debug|Any CPU.Build.0 = Debug|Any CPU
		{7F4F5804-75C2-48CA-AAE6-9CD7F28301D2}.Release|Any CPU.ActiveCfg = Release|Any CPU
		{7F4F5804-75C2-48CA-AAE6-9CD7F28301D2}.Release|Any CPU.Build.0 = Release|Any CPU
		{FC9D4F79-7C9D-41AC-BE8A-6FA4627D7FA6}.Debug|Any CPU.ActiveCfg = Debug|Any CPU
		{FC9D4F79-7C9D-41AC-BE8A-6FA4627D7FA6}.Debug|Any CPU.Build.0 = Debug|Any CPU
		{FC9D4F79-7C9D-41AC-BE8A-6FA4627D7FA6}.Release|Any CPU.ActiveCfg = Release|Any CPU
		{FC9D4F79-7C9D-41AC-BE8A-6FA4627D7FA6}.Release|Any CPU.Build.0 = Release|Any CPU
		{BBA529F2-9267-45D6-B8BA-85F4921BAFEC}.Debug|Any CPU.ActiveCfg = Debug|Any CPU
		{BBA529F2-9267-45D6-B8BA-85F4921BAFEC}.Debug|Any CPU.Build.0 = Debug|Any CPU
		{BBA529F2-9267-45D6-B8BA-85F4921BAFEC}.Release|Any CPU.ActiveCfg = Release|Any CPU
		{BBA529F2-9267-45D6-B8BA-85F4921BAFEC}.Release|Any CPU.Build.0 = Release|Any CPU
	EndGlobalSection
	GlobalSection(SolutionProperties) = preSolution
		HideSolutionNode = FALSE
	EndGlobalSection
	GlobalSection(ExtensibilityGlobals) = postSolution
		SolutionGuid = {67B4EBAC-6043-4AA4-8D12-03CFB79B6F8C}
	EndGlobalSection
EndGlobal
